{
  "name": "octostore-site-contracts",
  "lockfileVersion": 3,
  "requires": true,
  "packages": {
    "": {
      "name": "octostore-site-contracts",
      "devDependencies": {
        "@axe-core/playwright": "4.12.1",
        "@playwright/test": "1.62.1",
        "@redocly/cli": "2.44.1",
        "html-validate": "10.10.0",
        "skills": "1.5.21"
      }
    },
    "node_modules/@axe-core/playwright": {
      "version": "4.12.1",
      "resolved": "https://registry.npmjs.org/@axe-core/playwright/-/playwright-4.12.1.tgz",
      "integrity": "sha512-rMd7xriptqKpP+w5265i4Hdkv2X5kbu6uiBi/B2I7uf3hieRBM3qDCfaKPtxfiYb2mKXfF+yLODJwIx+Jv1GDw==",
      "dev": true,
      "license": "MPL-2.0",
      "dependencies": {
        "axe-core": "~4.12.1"
      },
      "peerDependencies": {
        "playwright-core": ">= 1.0.0"
      }
    },
    "node_modules/@html-validate/stylish": {
      "version": "5.2.0",
      "resolved": "https://registry.npmjs.org/@html-validate/stylish/-/stylish-5.2.0.tgz",
      "integrity": "sha512-7lF57/RTs2tZi0FtgY7Y5CP73Y2GEPPMaJ9PeZKRRUOs7Bt7/Qlqt8kdsAbVMO7GrpuWtUfGvR11riSOryioow==",
      "dev": true,
      "license": "MIT",
      "engines": {
        "node": "^20.18 || ^22.16 || >= 24.0"
      }
    },
    "node_modules/@isaacs/fs-minipass": {
      "version": "4.0.1",
      "resolved": "https://registry.npmjs.org/@isaacs/fs-minipass/-/fs-minipass-4.0.1.tgz",
      "integrity": "sha512-wgm9Ehl2jpeqP3zw/7mo3kRHFp5MEDhqAdwy1fTGkHAwnkGOVsgpvQhL8B5n1qlb01jV3n/bI0ZfZp5lWA1k4w==",
      "dev": true,
      "license": "ISC",
      "dependencies": {
        "minipass": "^7.0.4"
      },
      "engines": {
        "node": ">=18.0.0"
      }
    },
    "node_modules/@playwright/test": {
      "version": "1.62.1",
      "resolved": "https://registry.npmjs.org/@playwright/test/-/test-1.62.1.tgz",
      "integrity": "sha512-DTcUc8qii+cpHvtOwggMtBRMjKZHXYWdw8syRYu2vtzuq4Wxphqq4NfCs5Zt44L6mA8rfDfj+PHnxFc/FeK6mQ==",
      "dev": true,
      "license": "Apache-2.0",
      "dependencies": {
        "playwright": "1.62.1"
      },
      "bin": {
        "playwright": "cli.js"
      },
      "engines": {
        "node": ">=20"
      }
    },
    "node_modules/@redocly/cli": {
      "version": "2.44.1",
      "resolved": "https://registry.npmjs.org/@redocly/cli/-/cli-2.44.1.tgz",
      "integrity": "sha512-3zyg9oXTmcMZu9attaMRItk9FU7txmQKy6MuWjrksRYCFs66tf8OWdzAzGVm9NCR7ODxt+5b2TPACV5dPL4XZw==",
      "dev": true,
      "license": "MIT",
      "bin": {
        "openapi": "bin/cli.js",
        "redocly": "bin/cli.js"
      },
      "engines": {
        "node": ">=22.12.0 || >=20.19.0 <21.0.0",
        "npm": ">=10"
      }
    },
    "node_modules/@sidvind/better-ajv-errors": {
      "version": "4.0.1",
      "resolved": "https://registry.npmjs.org/@sidvind/better-ajv-errors/-/better-ajv-errors-4.0.1.tgz",
      "integrity": "sha512-6arF1ssKxItxgitPYXafUoLmsVBA6K7m9+ZGj6hLDoBl7nWpJ33EInwQUdHTle2METeWGxgQiqSex20KZRykew==",
      "dev": true,
      "license": "Apache-2.0",
      "dependencies": {
        "kleur": "^4.1.0"
      },
      "engines": {
        "node": ">= 18"
      },
      "peerDependencies": {
        "ajv": "^7.0.0 || ^8.0.0"
      }
    },
    "node_modules/ajv": {
      "name": "@redocly/ajv",
      "version": "8.17.4",
      "resolved": "https://registry.npmjs.org/@redocly/ajv/-/ajv-8.17.4.tgz",
      "integrity": "sha512-BieiCML/IgP6x99HZByJSt7fJE4ipgzO7KAFss92Bs+PEI35BhY7vGIysFXLT+YmS7nHtQjZjhOQyPPEf7xGHA==",
      "dev": true,
      "license": "MIT",
      "dependencies": {
        "fast-deep-equal": "^3.1.3",
        "fast-uri": "^3.0.1",
        "json-schema-traverse": "^1.0.0",
        "require-from-string": "^2.0.2"
      },
      "funding": {
        "type": "github",
        "url": "https://github.com/sponsors/epoberezkin"
      }
    },
    "node_modules/axe-core": {
      "version": "4.12.1",
      "resolved": "https://registry.npmjs.org/axe-core/-/axe-core-4.12.1.tgz",
      "integrity": "sha512-s7iGf5GaVMxEG0ENN9x+xTr7GFZCb1ZP/1uATUpCEK2X78nDB3RwbtFCo9pGAf9ru+VwoQ464DkaLEeRM08wJA==",
      "dev": true,
      "license": "MPL-2.0",
      "engines": {
        "node": ">=4"
      }
    },
    "node_modules/balanced-match": {
      "version": "4.0.4",
      "resolved": "https://registry.npmjs.org/balanced-match/-/balanced-match-4.0.4.tgz",
      "integrity": "sha512-BLrgEcRTwX2o6gGxGOCNyMvGSp35YofuYzw9h1IMTRmKqttAZZVU67bdb9Pr2vUHA8+j3i2tJfjO6C6+4myGTA==",
      "dev": true,
      "license": "MIT",
      "engines": {
        "node": "18 || 20 || >=22"
      }
    },
    "node_modules/brace-expansion": {
      "version": "5.0.9",
      "resolved": "https://registry.npmjs.org/brace-expansion/-/brace-expansion-5.0.9.tgz",
      "integrity": "sha512-ScQ4IuvIEF1TMlP7Zt+vjJ//9zlPb2SDcxWxM3bk8s6t6GGdJ7KO1dCcTidOPJKePW30LE/2cT7wCyPho9/Wxg==",
      "dev": true,
      "license": "MIT",
      "dependencies": {
        "balanced-match": "^4.0.2"
      },
      "engines": {
        "node": "20 || >=22"
      }
    },
    "node_modules/chownr": {
      "version": "3.0.0",
      "resolved": "https://registry.npmjs.org/chownr/-/chownr-3.0.0.tgz",
      "integrity": "sha512-+IxzY9BZOQd/XuYPRmrvEVjF/nqj5kgT4kEq7VofrDoM1MxoRjEWkrCC3EtLi59TVawxTAn+orJwFQcrqEN1+g==",
      "dev": true,
      "license": "BlueOak-1.0.0",
      "engines": {
        "node": ">=18"
      }
    },
    "node_modules/fast-deep-equal": {
      "version": "3.1.3",
      "resolved": "https://registry.npmjs.org/fast-deep-equal/-/fast-deep-equal-3.1.3.tgz",
      "integrity": "sha512-f3qQ9oQy9j2AhBe/H9VC91wLmKBCCU/gDOnKNAYG5hswO7BLKj09Hc5HYNz9cGI++xlpDCIgDaitVs03ATR84Q==",
      "dev": true,
      "license": "MIT"
    },
    "node_modules/fast-uri": {
      "version": "3.1.5",
      "resolved": "https://registry.npmjs.org/fast-uri/-/fast-uri-3.1.5.tgz",
      "integrity": "sha512-gHwA1O9LDIcKunMKhObS/HimwtehO1nPUECKAu5TpKgaO19fcWEl4bliWe1jWxVFvIXztJjjQ4L8XQ1EU9f7Jw==",
      "dev": true,
      "funding": [
        {
          "type": "github",
          "url": "https://github.com/sponsors/fastify"
        },
        {
          "type": "opencollective",
          "url": "https://opencollective.com/fastify"
        }
      ],
      "license": "BSD-3-Clause"
    },
    "node_modules/fsevents": {
      "version": "2.3.2",
      "resolved": "https://registry.npmjs.org/fsevents/-/fsevents-2.3.2.tgz",
      "integrity": "sha512-xiqMQR4xAeHTuB9uWm+fFRcIOgKBMiOBP+eXiyT7jsgVCq1bkVygt00oASowB7EdtpOHaaPgKt812P9ab+DDKA==",
      "dev": true,
      "hasInstallScript": true,
      "license": "MIT",
      "optional": true,
      "os": [
        "darwin"
      ],
      "engines": {
        "node": "^8.16.0 || ^10.6.0 || >=11.0.0"
      }
    },
    "node_modules/glob": {
      "version": "13.0.6",
      "resolved": "https://registry.npmjs.org/glob/-/glob-13.0.6.tgz",
      "integrity": "sha512-Wjlyrolmm8uDpm/ogGyXZXb1Z+Ca2B8NbJwqBVg0axK9GbBeoS7yGV6vjXnYdGm6X53iehEuxxbyiKp8QmN4Vw==",
      "dev": true,
      "license": "BlueOak-1.0.0",
      "dependencies": {
        "minimatch": "^10.2.2",
        "minipass": "^7.1.3",
        "path-scurry": "^2.0.2"
      },
      "engines": {
        "node": "18 || 20 || >=22"
      },
      "funding": {
        "url": "https://github.com/sponsors/isaacs"
      }
    },
    "node_modules/html-validate": {
      "version": "10.10.0",
      "resolved": "https://registry.npmjs.org/html-validate/-/html-validate-10.10.0.tgz",
      "integrity": "sha512-yeDwHcREQNJhafpWV7uBfu4nWTp/Ft7MYJ/54m2qo6fqhfw6Cfom1eEsPGrBT0/fyGfJOCrNvVpwVBT9SWeR2Q==",
      "dev": true,
      "funding": [
        {
          "type": "github",
          "url": "https://github.com/sponsors/html-validate"
        }
      ],
      "license": "MIT",
      "dependencies": {
        "@html-validate/stylish": "^5.0.0",
        "@sidvind/better-ajv-errors": "4.0.1",
        "ajv": "^8.0.0",
        "glob": "^13.0.0",
        "kleur": "^4.1.0",
        "minimist": "^1.2.0",
        "prompts": "^2.0.0",
        "semver": "^7.0.0"
      },
      "bin": {
        "html-validate": "bin/html-validate.mjs"
      },
      "engines": {
        "node": "^20.19.0 || >= 22.16.0"
      },
      "peerDependencies": {
        "jest": "^28.1.3 || ^29.0.3 || ^30.0.0",
        "jest-diff": "^28.1.3 || ^29.0.3 || ^30.0.0",
        "jest-snapshot": "^28.1.3 || ^29.0.3 || ^30.0.0",
        "vitest": "^1.0.0 || ^2.0.0 || ^3.0.0 || ^4.0.1"
      },
      "peerDependenciesMeta": {
        "jest": {
          "optional": true
        },
        "jest-diff": {
          "optional": true
        },
        "jest-snapshot": {
          "optional": true
        },
        "vitest": {
          "optional": true
        }
      }
    },
    "node_modules/json-schema-traverse": {
      "version": "1.0.0",
      "resolved": "https://registry.npmjs.org/json-schema-traverse/-/json-schema-traverse-1.0.0.tgz",
      "integrity": "sha512-NM8/P9n3XjXhIZn1lLhkFaACTOURQXjWhV4BA/RnOv8xvgqtqpAX9IO4mRQxSx1Rlo4tqzeqb0sOlruaOy3dug==",
      "dev": true,
      "license": "MIT"
    },
    "node_modules/kleur": {
      "version": "4.1.5",
      "resolved": "https://registry.npmjs.org/kleur/-/kleur-4.1.5.tgz",
      "integrity": "sha512-o+NO+8WrRiQEE4/7nwRJhN1HWpVmJm511pBHUxPLtp0BUISzlBplORYSmTclCnJvQq2tKu/sgl3xVpkc7ZWuQQ==",
      "dev": true,
      "license": "MIT",
      "engines": {
        "node": ">=6"
      }
    },
    "node_modules/lru-cache": {
      "version": "11.5.2",
      "resolved": "https://registry.npmjs.org/lru-cache/-/lru-cache-11.5.2.tgz",
      "integrity": "sha512-4pfM1Ff0x50o0tQwb5ucw/RzNyD0/YJME6IVcStalZuMWxdt3sR3huStTtxz4PUmvZfRguvDejasvQ2kifR11g==",
      "dev": true,
      "license": "BlueOak-1.0.0",
      "engines": {
        "node": "20 || >=22"
      }
    },
    "node_modules/minimatch": {
      "version": "10.2.6",
      "resolved": "https://registry.npmjs.org/minimatch/-/minimatch-10.2.6.tgz",
      "integrity": "sha512-vpLQEs+VLCr1nU0BXS07maYoFwlDAH0gngQuuttxIwutDFEMHq2blX+8vpgxDdK3J1PwjCJiep77OitTZ4Ll1A==",
      "dev": true,
      "license": "BlueOak-1.0.0",
      "dependencies": {
        "brace-expansion": "^5.0.8"
      },
      "engines": {
        "node": "18 || 20 || >=22"
      },
      "funding": {
        "url": "https://github.com/sponsors/isaacs"
      }
    },
    "node_modules/minimist": {
      "version": "1.2.8",
      "resolved": "https://registry.npmjs.org/minimist/-/minimist-1.2.8.tgz",
      "integrity": "sha512-2yyAR8qBkN3YuheJanUpWC5U3bb5osDywNB8RzDVlDwDHbocAJveqqj1u8+SVD7jkWT4yvsHCpWqqWqAxb0zCA==",
      "dev": true,
      "license": "MIT",
      "funding": {
        "url": "https://github.com/sponsors/ljharb"
      }
    },
    "node_modules/minipass": {
      "version": "7.1.3",
      "resolved": "https://registry.npmjs.org/minipass/-/minipass-7.1.3.tgz",
      "integrity": "sha512-tEBHqDnIoM/1rXME1zgka9g6Q2lcoCkxHLuc7ODJ5BxbP5d4c2Z5cGgtXAku59200Cx7diuHTOYfSBD8n6mm8A==",
      "dev": true,
      "license": "BlueOak-1.0.0",
      "engines": {
        "node": ">=16 || 14 >=14.17"
      }
    },
    "node_modules/minizlib": {
      "version": "3.1.0",
      "resolved": "https://registry.npmjs.org/minizlib/-/minizlib-3.1.0.tgz",
      "integrity": "sha512-KZxYo1BUkWD2TVFLr0MQoM8vUUigWD3LlD83a/75BqC+4qE0Hb1Vo5v1FgcfaNXvfXzr+5EhQ6ing/CaBijTlw==",
      "dev": true,
      "license": "MIT",
      "dependencies": {
        "minipass": "^7.1.2"
      },
      "engines": {
        "node": ">= 18"
      }
    },
    "node_modules/path-scurry": {
      "version": "2.0.2",
      "resolved": "https://registry.npmjs.org/path-scurry/-/path-scurry-2.0.2.tgz",
      "integrity": "sha512-3O/iVVsJAPsOnpwWIeD+d6z/7PmqApyQePUtCndjatj/9I5LylHvt5qluFaBT3I5h3r1ejfR056c+FCv+NnNXg==",
      "dev": true,
      "license": "BlueOak-1.0.0",
      "dependencies": {
        "lru-cache": "^11.0.0",
        "minipass": "^7.1.2"
      },
      "engines": {
        "node": "18 || 20 || >=22"
      },
      "funding": {
        "url": "https://github.com/sponsors/isaacs"
      }
    },
    "node_modules/playwright": {
      "version": "1.62.1",
      "resolved": "https://registry.npmjs.org/playwright/-/playwright-1.62.1.tgz",
      "integrity": "sha512-0M+L3LAD8/nm554LOla9Ayx0j0tmFZ0FBcoQ7F1VuVHpM/XpiC8RcDzBQB8W5+hA8L22THxELzeF+2WcUzvcLg==",
      "dev": true,
      "license": "Apache-2.0",
      "dependencies": {
        "playwright-core": "1.62.1"
      },
      "bin": {
        "playwright": "cli.js"
      },
      "engines": {
        "node": ">=20"
      },
      "optionalDependencies": {
        "fsevents": "2.3.2"
      }
    },
    "node_modules/playwright-core": {
      "version": "1.62.1",
      "resolved": "https://registry.npmjs.org/playwright-core/-/playwright-core-1.62.1.tgz",
      "integrity": "sha512-wPYSwEBJY9GHraISXqyqtx0na0LpO3XEX7jNDhntbex7tzUS7kLnZsOlFruFJB4Hi/rhDMjXGqHewDZ68nYZVw==",
      "dev": true,
      "license": "Apache-2.0",
      "bin": {
        "playwright-core": "cli.js"
      },
      "engines": {
        "node": ">=20"
      }
    },
    "node_modules/prompts": {
      "version": "2.4.2",
      "resolved": "https://registry.npmjs.org/prompts/-/prompts-2.4.2.tgz",
      "integrity": "sha512-NxNv/kLguCA7p3jE8oL2aEBsrJWgAakBpgmgK6lpPWV+WuOmY6r2/zbAVnP+T8bQlA0nzHXSJSJW0Hq7ylaD2Q==",
      "dev": true,
      "license": "MIT",
      "dependencies": {
        "kleur": "^3.0.3",
        "sisteransi": "^1.0.5"
      },
      "engines": {
        "node": ">= 6"
      }
    },
    "node_modules/prompts/node_modules/kleur": {
      "version": "3.0.3",
      "resolved": "https://registry.npmjs.org/kleur/-/kleur-3.0.3.tgz",
      "integrity": "sha512-eTIzlVOSUR+JxdDFepEYcBMtZ9Qqdef+rnzWdRZuMbOywu5tO2w2N7rqjoANZ5k9vywhL6Br1VRjUIgTQx4E8w==",
      "dev": true,
      "license": "MIT",
      "engines": {
        "node": ">=6"
      }
    },
    "node_modules/require-from-string": {
      "version": "2.0.2",
      "resolved": "https://registry.npmjs.org/require-from-string/-/require-from-string-2.0.2.tgz",
      "integrity": "sha512-Xf0nWe6RseziFMu+Ap9biiUbmplq6S9/p+7w7YXP/JBHhrUDDUhwa+vANyubuqfZWTveU//DYVGsDG7RKL/vEw==",
      "dev": true,
      "license": "MIT",
      "engines": {
        "node": ">=0.10.0"
      }
    },
    "node_modules/semver": {
      "version": "7.8.5",
      "resolved": "https://registry.npmjs.org/semver/-/semver-7.8.5.tgz",
      "integrity": "sha512-Y7/KDsb8LjooZpwaqGyulO6DQlksgCncchHGk+sZIY4SBvUocMBEFH5Ur1fI4dV+Jvl0w6cjvucaIi40puRioA==",
      "dev": true,
      "license": "ISC",
      "bin": {
        "semver": "bin/semver.js"
      },
      "engines": {
        "node": ">=10"
      }
    },
    "node_modules/sisteransi": {
      "version": "1.0.5",
      "resolved": "https://registry.npmjs.org/sisteransi/-/sisteransi-1.0.5.tgz",
      "integrity": "sha512-bLGGlR1QxBcynn2d5YmDX4MGjlZvy2MRBDRNHLJ8VI6l6+9FUiyTFNJ0IveOSP0bcXgVDPRcfGqA0pjaqUpfVg==",
      "dev": true,
      "license": "MIT"
    },
    "node_modules/skills": {
      "version": "1.5.21",
      "resolved": "https://registry.npmjs.org/skills/-/skills-1.5.21.tgz",
      "integrity": "sha512-CJ4wx692UkQAW+DLpjJg/ww6dJBojq5E8sQBOqP639GutO72v4EFiV/fq1etW2r9NhM/mwaIq8YoqKFJ9XV7ng==",
      "dev": true,
      "license": "MIT",
      "dependencies": {
        "tar": "^7.5.20",
        "yaml": "^2.8.3"
      },
      "bin": {
        "add-skill": "bin/cli.mjs",
        "skills": "bin/cli.mjs"
      },
      "engines": {
        "node": ">=22.20.0"
      }
    },
    "node_modules/tar": {
      "version": "7.5.22",
      "resolved": "https://registry.npmjs.org/tar/-/tar-7.5.22.tgz",
      "integrity": "sha512-MFO/QzvtAOmJbkhOaCTvbGcFN9L9b+JunIsDwaKljSOdcLMea3NJ1k9Usz/rjdfSXTq4dfzfeS7W4p4YOAAHeA==",
      "dev": true,
      "license": "BlueOak-1.0.0",
      "dependencies": {
        "@isaacs/fs-minipass": "^4.0.0",
        "chownr": "^3.0.0",
        "minipass": "^7.1.2",
        "minizlib": "^3.1.0",
        "yallist": "^5.0.0"
      },
      "engines": {
        "node": ">=18"
      }
    },
    "node_modules/yallist": {
      "version": "5.0.0",
      "resolved": "https://registry.npmjs.org/yallist/-/yallist-5.0.0.tgz",
      "integrity": "sha512-YgvUTfwqyc7UXVMrB+SImsVYSmTS8X/tSrtdNZMImM+n7+QTriRXyXim0mBrTXNeqzVF0KWGgHPeiyViFFrNDw==",
      "dev": true,
      "license": "BlueOak-1.0.0",
      "engines": {
        "node": ">=18"
      }
    },
    "node_modules/yaml": {
      "version": "2.9.0",
      "resolved": "https://registry.npmjs.org/yaml/-/yaml-2.9.0.tgz",
      "integrity": "sha512-2AvhNX3mb8zd6Zy7INTtSpl1F15HW6Wnqj0srWlkKLcpYl/gMIMJiyuGq2KeI2YFxUPjdlB+3Lc10seMLtL4cA==",
      "dev": true,
      "license": "ISC",
      "bin": {
        "yaml": "bin.mjs"
      },
      "engines": {
        "node": ">= 14.6"
      },
      "funding": {
        "url": "https://github.com/sponsors/eemeli"
      }
    }
  }
}
